
Microsoft Visual Studio Solution File, Format Version 12.00
# Visual Studio Version 16
VisualStudioVersion = 16.0.31205.134
MinimumVisualStudioVersion = 10.0.40219.1
Project("{FAE04EC0-301F-11D3-BF4B-00C04F79EFBC}") = "HelloWorld", "HelloWorld\HelloWorld.csproj", "{53593AAA-A1A8-4117-9B20-9B75B6632781}"
EndProject
Global
	GlobalSection(SolutionConfigurationPlatforms) = preSolution
		Debug|Any CPU = Debug|Any CPU
		Release|Any CPU = Release|Any CPU
	EndGlobalSection
	GlobalSection(ProjectConfigurationPlatforms) = postSolution
		{53593AAA-A1A8-4117-9B20-9B75B6632781}.Debug|Any CPU.ActiveCfg = Debug|Any CPU
		{53593AAA-A1A8-4117-9B20-9B75B6632781}.Debug|Any CPU.Build.0 = Debug|Any CPU
		{53593AAA-A1A8-4117-9B20-9B75B6632781}.Release|Any CPU.ActiveCfg = Release|Any CPU
		{53593AAA-A1A8-4117-9B20-9B75B6632781}.Release|Any CPU.Build.0 = Release|Any CPU
	EndGlobalSection
	GlobalSection(SolutionProperties) = preSolution
		HideSolutionNode = FALSE
	EndGlobalSection
	GlobalSection(ExtensibilityGlobals) = postSolution
		SolutionGuid = {86AA43EE-C2E2-4EBD-9944-C4D8A55CDD50}
	EndGlobalSection
EndGlobal
